
Microsoft Visual Studio Solution File, Format Version 12.00
# Visual Studio 14
VisualStudioVersion = 14.0.23107.0
MinimumVisualStudioVersion = 10.0.40219.1
Project("{2150E333-8FDC-42A3-9474-1A3956D46DE8}") = "Solution Items", "Solution Items", "{1B4AE5E3-18B0-49A1-AACB-A53589209647}"
	ProjectSection(SolutionItems) = preProject
		articles.html = articles.html
		index.html = index.html
	EndProjectSection
EndProject
Project("{2150E333-8FDC-42A3-9474-1A3956D46DE8}") = "Scripts", "Scripts", "{30C8D799-3CCD-4983-B939-DB0625FC023A}"
	ProjectSection(SolutionItems) = preProject
		Scripts\app.js = Scripts\app.js
		Scripts\articlesViewModel.js = Scripts\articlesViewModel.js
	EndProjectSection
EndProject
Global
	GlobalSection(SolutionProperties) = preSolution
		HideSolutionNode = FALSE
	EndGlobalSection
	GlobalSection(NestedProjects) = preSolution
		{30C8D799-3CCD-4983-B939-DB0625FC023A} = {1B4AE5E3-18B0-49A1-AACB-A53589209647}
	EndGlobalSection
EndGlobal
